// !$*UTF8*$!
{
	archiveVersion = 1;
	classes = {
	};
	objectVersion = 56;
	objects = {

/* Begin PBXBuildFile section */
		EEE0B0CD2C1BEFEE00AD4600 /* test1App.swift in Sources */ = {isa = PBXBuildFile; fileRef = EEE0B0CC2C1BEFEE00AD4600 /* test1App.swift */; };
		EEE0B0CF2C1BEFEE00AD4600 /* ContentView.swift in Sources */ = {isa = PBXBuildFile; fileRef = EEE0B0CE2C1BEFEE00AD4600 /* ContentView.swift */; };
		EEE0B0D12C1BEFF000AD4600 /* Assets.xcassets in Resources */ = {isa = PBXBuildFile; fileRef = EEE0B0D02C1BEFF000AD4600 /* Assets.xcassets */; };
		EEE0B0D42C1BEFF000AD4600 /* Preview Assets.xcassets in Resources */ = {isa = PBXBuildFile; fileRef = EEE0B0D32C1BEFF000AD4600 /* Preview Assets.xcassets */; };
		EEE0B0DE2C1BEFF000AD4600 /* test1Tests.swift in Sources */ = {isa = PBXBuildFile; fileRef = EEE0B0DD2C1BEFF000AD4600 /* test1Tests.swift */; };
		EEE0B0E82C1BEFF000AD4600 /* test1UITests.swift in Sources */ = {isa = PBXBuildFile; fileRef = EEE0B0E72C1BEFF000AD4600 /* test1UITests.swift */; };
		EEE0B0EA2C1BEFF100AD4600 /* test1UITestsLaunchTests.swift in Sources */ = {isa = PBXBuildFile; fileRef = EEE0B0E92C1BEFF100AD4600 /* test1UITestsLaunchTests.swift */; };
		EEE0B0FC2C1BF17000AD4600 /* Profile.swift in Sources */ = {isa = PBXBuildFile; fileRef = EEE0B0FB2C1BF17000AD4600 /* Profile.swift */; };
		EEE0B0FF2C1BF1F800AD4600 /* ProfileHost.swift in Sources */ = {isa = PBXBuildFile; fileRef = EEE0B0FE2C1BF1F700AD4600 /* ProfileHost.swift */; };
		EEE0B1012C1BF23F00AD4600 /* ProfileSummary.swift in Sources */ = {isa = PBXBuildFile; fileRef = EEE0B1002C1BF23F00AD4600 /* ProfileSummary.swift */; };
		EEE0B1052C1BF60E00AD4600 /* HikeBadge.swift in Sources */ = {isa = PBXBuildFile; fileRef = EEE0B1042C1BF60E00AD4600 /* HikeBadge.swift */; };
		EEE0B1072C1BF80900AD4600 /* HexagonParameters.swift in Sources */ = {isa = PBXBuildFile; fileRef = EEE0B1062C1BF80900AD4600 /* HexagonParameters.swift */; };
		EEE0B1092C1BFB1100AD4600 /* BadgeBackground.swift in Sources */ = {isa = PBXBuildFile; fileRef = EEE0B1082C1BFB1100AD4600 /* BadgeBackground.swift */; };
/* End PBXBuildFile section */

/* Begin PBXContainerItemProxy section */
		EEE0B0DA2C1BEFF000AD4600 /* PBXContainerItemProxy */ = {
			isa = PBXContainerItemProxy;
			containerPortal = EEE0B0C12C1BEFEE00AD4600 /* Project object */;
			proxyType = 1;
			remoteGlobalIDString = EEE0B0C82C1BEFEE00AD4600;
			remoteInfo = test1;
		};
		EEE0B0E42C1BEFF000AD4600 /* PBXContainerItemProxy */ = {
			isa = PBXContainerItemProxy;
			containerPortal = EEE0B0C12C1BEFEE00AD4600 /* Project object */;
			proxyType = 1;
			remoteGlobalIDString = EEE0B0C82C1BEFEE00AD4600;
			remoteInfo = test1;
		};
/* End PBXContainerItemProxy section */

/* Begin PBXFileReference section */
		EEE0B0C92C1BEFEE00AD4600 /* test1.app */ = {isa = PBXFileReference; explicitFileType = wrapper.application; includeInIndex = 0; path = test1.app; sourceTree = BUILT_PRODUCTS_DIR; };
		EEE0B0CC2C1BEFEE00AD4600 /* test1App.swift */ = {isa = PBXFileReference; lastKnownFileType = sourcecode.swift; path = test1App.swift; sourceTree = "<group>"; };
		EEE0B0CE2C1BEFEE00AD4600 /* ContentView.swift */ = {isa = PBXFileReference; lastKnownFileType = sourcecode.swift; path = ContentView.swift; sourceTree = "<group>"; };
		EEE0B0D02C1BEFF000AD4600 /* Assets.xcassets */ = {isa = PBXFileReference; lastKnownFileType = folder.assetcatalog; path = Assets.xcassets; sourceTree = "<group>"; };
		EEE0B0D32C1BEFF000AD4600 /* Preview Assets.xcassets */ = {isa = PBXFileReference; lastKnownFileType = folder.assetcatalog; path = "Preview Assets.xcassets"; sourceTree = "<group>"; };
		EEE0B0D92C1BEFF000AD4600 /* test1Tests.xctest */ = {isa = PBXFileReference; explicitFileType = wrapper.cfbundle; includeInIndex = 0; path = test1Tests.xctest; sourceTree = BUILT_PRODUCTS_DIR; };
		EEE0B0DD2C1BEFF000AD4600 /* test1Tests.swift */ = {isa = PBXFileReference; lastKnownFileType = sourcecode.swift; path = test1Tests.swift; sourceTree = "<group>"; };
		EEE0B0E32C1BEFF000AD4600 /* test1UITests.xctest */ = {isa = PBXFileReference; explicitFileType = wrapper.cfbundle; includeInIndex = 0; path = test1UITests.xctest; sourceTree = BUILT_PRODUCTS_DIR; };
		EEE0B0E72C1BEFF000AD4600 /* test1UITests.swift */ = {isa = PBXFileReference; lastKnownFileType = sourcecode.swift; path = test1UITests.swift; sourceTree = "<group>"; };
		EEE0B0E92C1BEFF100AD4600 /* test1UITestsLaunchTests.swift */ = {isa = PBXFileReference; lastKnownFileType = sourcecode.swift; path = test1UITestsLaunchTests.swift; sourceTree = "<group>"; };
		EEE0B0FB2C1BF17000AD4600 /* Profile.swift */ = {isa = PBXFileReference; lastKnownFileType = sourcecode.swift; path = Profile.swift; sourceTree = "<group>"; };
		EEE0B0FE2C1BF1F700AD4600 /* ProfileHost.swift */ = {isa = PBXFileReference; lastKnownFileType = sourcecode.swift; path = ProfileHost.swift; sourceTree = "<group>"; };
		EEE0B1002C1BF23F00AD4600 /* ProfileSummary.swift */ = {isa = PBXFileReference; lastKnownFileType = sourcecode.swift; path = ProfileSummary.swift; sourceTree = "<group>"; };
		EEE0B1042C1BF60E00AD4600 /* HikeBadge.swift */ = {isa = PBXFileReference; lastKnownFileType = sourcecode.swift; path = HikeBadge.swift; sourceTree = "<group>"; };
		EEE0B1062C1BF80900AD4600 /* HexagonParameters.swift */ = {isa = PBXFileReference; lastKnownFileType = sourcecode.swift; path = HexagonParameters.swift; sourceTree = "<group>"; };
		EEE0B1082C1BFB1100AD4600 /* BadgeBackground.swift */ = {isa = PBXFileReference; lastKnownFileType = sourcecode.swift; path = BadgeBackground.swift; sourceTree = "<group>"; };
/* End PBXFileReference section */

/* Begin PBXFrameworksBuildPhase section */
		EEE0B0C62C1BEFEE00AD4600 /* Frameworks */ = {
			isa = PBXFrameworksBuildPhase;
			buildActionMask = 2147483647;
			files = (
			);
			runOnlyForDeploymentPostprocessing = 0;
		};
		EEE0B0D62C1BEFF000AD4600 /* Frameworks */ = {
			isa = PBXFrameworksBuildPhase;
			buildActionMask = 2147483647;
			files = (
			);
			runOnlyForDeploymentPostprocessing = 0;
		};
		EEE0B0E02C1BEFF000AD4600 /* Frameworks */ = {
			isa = PBXFrameworksBuildPhase;
			buildActionMask = 2147483647;
			files = (
			);
			runOnlyForDeploymentPostprocessing = 0;
		};
/* End PBXFrameworksBuildPhase section */

/* Begin PBXGroup section */
		EEE0B0C02C1BEFEE00AD4600 = {
			isa = PBXGroup;
			children = (
				EEE0B0CB2C1BEFEE00AD4600 /* test1 */,
				EEE0B0DC2C1BEFF000AD4600 /* test1Tests */,
				EEE0B0E62C1BEFF000AD4600 /* test1UITests */,
				EEE0B0CA2C1BEFEE00AD4600 /* Products */,
			);
			sourceTree = "<group>";
		};
		EEE0B0CA2C1BEFEE00AD4600 /* Products */ = {
			isa = PBXGroup;
			children = (
				EEE0B0C92C1BEFEE00AD4600 /* test1.app */,
				EEE0B0D92C1BEFF000AD4600 /* test1Tests.xctest */,
				EEE0B0E32C1BEFF000AD4600 /* test1UITests.xctest */,
			);
			name = Products;
			sourceTree = "<group>";
		};
		EEE0B0CB2C1BEFEE00AD4600 /* test1 */ = {
			isa = PBXGroup;
			children = (
				EEE0B1032C1BF5D900AD4600 /* Hikes */,
				EEE0B0FD2C1BF1A400AD4600 /* Profiles */,
				EEE0B0CC2C1BEFEE00AD4600 /* test1App.swift */,
				EEE0B0CE2C1BEFEE00AD4600 /* ContentView.swift */,
				EEE0B0FB2C1BF17000AD4600 /* Profile.swift */,
				EEE0B0D02C1BEFF000AD4600 /* Assets.xcassets */,
				EEE0B0D22C1BEFF000AD4600 /* Preview Content */,
			);
			path = test1;
			sourceTree = "<group>";
		};
		EEE0B0D22C1BEFF000AD4600 /* Preview Content */ = {
			isa = PBXGroup;
			children = (
				EEE0B0D32C1BEFF000AD4600 /* Preview Assets.xcassets */,
			);
			path = "Preview Content";
			sourceTree = "<group>";
		};
		EEE0B0DC2C1BEFF000AD4600 /* test1Tests */ = {
			isa = PBXGroup;
			children = (
				EEE0B0DD2C1BEFF000AD4600 /* test1Tests.swift */,
			);
			path = test1Tests;
			sourceTree = "<group>";
		};
		EEE0B0E62C1BEFF000AD4600 /* test1UITests */ = {
			isa = PBXGroup;
			children = (
				EEE0B0E72C1BEFF000AD4600 /* test1UITests.swift */,
				EEE0B0E92C1BEFF100AD4600 /* test1UITestsLaunchTests.swift */,
			);
			path = test1UITests;
			sourceTree = "<group>";
		};
		EEE0B0FD2C1BF1A400AD4600 /* Profiles */ = {
			isa = PBXGroup;
			children = (
				EEE0B0FE2C1BF1F700AD4600 /* ProfileHost.swift */,
				EEE0B1002C1BF23F00AD4600 /* ProfileSummary.swift */,
			);
			path = Profiles;
			sourceTree = "<group>";
		};
		EEE0B1032C1BF5D900AD4600 /* Hikes */ = {
			isa = PBXGroup;
			children = (
				EEE0B1042C1BF60E00AD4600 /* HikeBadge.swift */,
				EEE0B1062C1BF80900AD4600 /* HexagonParameters.swift */,
				EEE0B1082C1BFB1100AD4600 /* BadgeBackground.swift */,
			);
			path = Hikes;
			sourceTree = "<group>";
		};
/* End PBXGroup section */

/* Begin PBXNativeTarget section */
		EEE0B0C82C1BEFEE00AD4600 /* test1 */ = {
			isa = PBXNativeTarget;
			buildConfigurationList = EEE0B0ED2C1BEFF100AD4600 /* Build configuration list for PBXNativeTarget "test1" */;
			buildPhases = (
				EEE0B0C52C1BEFEE00AD4600 /* Sources */,
				EEE0B0C62C1BEFEE00AD4600 /* Frameworks */,
				EEE0B0C72C1BEFEE00AD4600 /* Resources */,
			);
			buildRules = (
			);
			dependencies = (
			);
			name = test1;
			productName = test1;
			productReference = EEE0B0C92C1BEFEE00AD4600 /* test1.app */;
			productType = "com.apple.product-type.application";
		};
		EEE0B0D82C1BEFF000AD4600 /* test1Tests */ = {
			isa = PBXNativeTarget;
			buildConfigurationList = EEE0B0F02C1BEFF100AD4600 /* Build configuration list for PBXNativeTarget "test1Tests" */;
			buildPhases = (
				EEE0B0D52C1BEFF000AD4600 /* Sources */,
				EEE0B0D62C1BEFF000AD4600 /* Frameworks */,
				EEE0B0D72C1BEFF000AD4600 /* Resources */,
			);
			buildRules = (
			);
			dependencies = (
				EEE0B0DB2C1BEFF000AD4600 /* PBXTargetDependency */,
			);
			name = test1Tests;
			productName = test1Tests;
			productReference = EEE0B0D92C1BEFF000AD4600 /* test1Tests.xctest */;
			productType = "com.apple.product-type.bundle.unit-test";
		};
		EEE0B0E22C1BEFF000AD4600 /* test1UITests */ = {
			isa = PBXNativeTarget;
			buildConfigurationList = EEE0B0F32C1BEFF100AD4600 /* Build configuration list for PBXNativeTarget "test1UITests" */;
			buildPhases = (
				EEE0B0DF2C1BEFF000AD4600 /* Sources */,
				EEE0B0E02C1BEFF000AD4600 /* Frameworks */,
				EEE0B0E12C1BEFF000AD4600 /* Resources */,
			);
			buildRules = (
			);
			dependencies = (
				EEE0B0E52C1BEFF000AD4600 /* PBXTargetDependency */,
			);
			name = test1UITests;
			productName = test1UITests;
			productReference = EEE0B0E32C1BEFF000AD4600 /* test1UITests.xctest */;
			productType = "com.apple.product-type.bundle.ui-testing";
		};
/* End PBXNativeTarget section */

/* Begin PBXProject section */
		EEE0B0C12C1BEFEE00AD4600 /* Project object */ = {
			isa = PBXProject;
			attributes = {
				BuildIndependentTargetsInParallel = 1;
				LastSwiftUpdateCheck = 1500;
				LastUpgradeCheck = 1500;
				TargetAttributes = {
					EEE0B0C82C1BEFEE00AD4600 = {
						CreatedOnToolsVersion = 15.0.1;
					};
					EEE0B0D82C1BEFF000AD4600 = {
						CreatedOnToolsVersion = 15.0.1;
						TestTargetID = EEE0B0C82C1BEFEE00AD4600;
					};
					EEE0B0E22C1BEFF000AD4600 = {
						CreatedOnToolsVersion = 15.0.1;
						TestTargetID = EEE0B0C82C1BEFEE00AD4600;
					};
				};
			};
			buildConfigurationList = EEE0B0C42C1BEFEE00AD4600 /* Build configuration list for PBXProject "test1" */;
			compatibilityVersion = "Xcode 14.0";
			developmentRegion = en;
			hasScannedForEncodings = 0;
			knownRegions = (
				en,
				Base,
			);
			mainGroup = EEE0B0C02C1BEFEE00AD4600;
			productRefGroup = EEE0B0CA2C1BEFEE00AD4600 /* Products */;
			projectDirPath = "";
			projectRoot = "";
			targets = (
				EEE0B0C82C1BEFEE00AD4600 /* test1 */,
				EEE0B0D82C1BEFF000AD4600 /* test1Tests */,
				EEE0B0E22C1BEFF000AD4600 /* test1UITests */,
			);
		};
/* End PBXProject section */

/* Begin PBXResourcesBuildPhase section */
		EEE0B0C72C1BEFEE00AD4600 /* Resources */ = {
			isa = PBXResourcesBuildPhase;
			buildActionMask = 2147483647;
			files = (
				EEE0B0D42C1BEFF000AD4600 /* Preview Assets.xcassets in Resources */,
				EEE0B0D12C1BEFF000AD4600 /* Assets.xcassets in Resources */,
			);
			runOnlyForDeploymentPostprocessing = 0;
		};
		EEE0B0D72C1BEFF000AD4600 /* Resources */ = {
			isa = PBXResourcesBuildPhase;
			buildActionMask = 2147483647;
			files = (
			);
			runOnlyForDeploymentPostprocessing = 0;
		};
		EEE0B0E12C1BEFF000AD4600 /* Resources */ = {
			isa = PBXResourcesBuildPhase;
			buildActionMask = 2147483647;
			files = (
			);
			runOnlyForDeploymentPostprocessing = 0;
		};
/* End PBXResourcesBuildPhase section */

/* Begin PBXSourcesBuildPhase section */
		EEE0B0C52C1BEFEE00AD4600 /* Sources */ = {
			isa = PBXSourcesBuildPhase;
			buildActionMask = 2147483647;
			files = (
				EEE0B1072C1BF80900AD4600 /* HexagonParameters.swift in Sources */,
				EEE0B0CF2C1BEFEE00AD4600 /* ContentView.swift in Sources */,
				EEE0B0FC2C1BF17000AD4600 /* Profile.swift in Sources */,
				EEE0B1092C1BFB1100AD4600 /* BadgeBackground.swift in Sources */,
				EEE0B1012C1BF23F00AD4600 /* ProfileSummary.swift in Sources */,
				EEE0B0CD2C1BEFEE00AD4600 /* test1App.swift in Sources */,
				EEE0B1052C1BF60E00AD4600 /* HikeBadge.swift in Sources */,
				EEE0B0FF2C1BF1F800AD4600 /* ProfileHost.swift in Sources */,
			);
			runOnlyForDeploymentPostprocessing = 0;
		};
		EEE0B0D52C1BEFF000AD4600 /* Sources */ = {
			isa = PBXSourcesBuildPhase;
			buildActionMask = 2147483647;
			files = (
				EEE0B0DE2C1BEFF000AD4600 /* test1Tests.swift in Sources */,
			);
			runOnlyForDeploymentPostprocessing = 0;
		};
		EEE0B0DF2C1BEFF000AD4600 /* Sources */ = {
			isa = PBXSourcesBuildPhase;
			buildActionMask = 2147483647;
			files = (
				EEE0B0EA2C1BEFF100AD4600 /* test1UITestsLaunchTests.swift in Sources */,
				EEE0B0E82C1BEFF000AD4600 /* test1UITests.swift in Sources */,
			);
			runOnlyForDeploymentPostprocessing = 0;
		};
/* End PBXSourcesBuildPhase section */

/* Begin PBXTargetDependency section */
		EEE0B0DB2C1BEFF000AD4600 /* PBXTargetDependency */ = {
			isa = PBXTargetDependency;
			target = EEE0B0C82C1BEFEE00AD4600 /* test1 */;
			targetProxy = EEE0B0DA2C1BEFF000AD4600 /* PBXContainerItemProxy */;
		};
		EEE0B0E52C1BEFF000AD4600 /* PBXTargetDependency */ = {
			isa = PBXTargetDependency;
			target = EEE0B0C82C1BEFEE00AD4600 /* test1 */;
			targetProxy = EEE0B0E42C1BEFF000AD4600 /* PBXContainerItemProxy */;
		};
/* End PBXTargetDependency section */

/* Begin XCBuildConfiguration section */
		EEE0B0EB2C1BEFF100AD4600 /* Debug */ = {
			isa = XCBuildConfiguration;
			buildSettings = {
				ALWAYS_SEARCH_USER_PATHS = NO;
				ASSETCATALOG_COMPILER_GENERATE_SWIFT_ASSET_SYMBOL_EXTENSIONS = YES;
				CLANG_ANALYZER_NONNULL = YES;
				CLANG_ANALYZER_NUMBER_OBJECT_CONVERSION = YES_AGGRESSIVE;
				CLANG_CXX_LANGUAGE_STANDARD = "gnu++20";
				CLANG_ENABLE_MODULES = YES;
				CLANG_ENABLE_OBJC_ARC = YES;
				CLANG_ENABLE_OBJC_WEAK = YES;
				CLANG_WARN_BLOCK_CAPTURE_AUTORELEASING = YES;
				CLANG_WARN_BOOL_CONVERSION = YES;
				CLANG_WARN_COMMA = YES;
				CLANG_WARN_CONSTANT_CONVERSION = YES;
				CLANG_WARN_DEPRECATED_OBJC_IMPLEMENTATIONS = YES;
				CLANG_WARN_DIRECT_OBJC_ISA_USAGE = YES_ERROR;
				CLANG_WARN_DOCUMENTATION_COMMENTS = YES;
				CLANG_WARN_EMPTY_BODY = YES;
				CLANG_WARN_ENUM_CONVERSION = YES;
				CLANG_WARN_INFINITE_RECURSION = YES;
				CLANG_WARN_INT_CONVERSION = YES;
				CLANG_WARN_NON_LITERAL_NULL_CONVERSION = YES;
				CLANG_WARN_OBJC_IMPLICIT_RETAIN_SELF = YES;
				CLANG_WARN_OBJC_LITERAL_CONVERSION = YES;
				CLANG_WARN_OBJC_ROOT_CLASS = YES_ERROR;
				CLANG_WARN_QUOTED_INCLUDE_IN_FRAMEWORK_HEADER = YES;
				CLANG_WARN_RANGE_LOOP_ANALYSIS = YES;
				CLANG_WARN_STRICT_PROTOTYPES = YES;
				CLANG_WARN_SUSPICIOUS_MOVE = YES;
				CLANG_WARN_UNGUARDED_AVAILABILITY = YES_AGGRESSIVE;
				CLANG_WARN_UNREACHABLE_CODE = YES;
				CLANG_WARN__DUPLICATE_METHOD_MATCH = YES;
				COPY_PHASE_STRIP = NO;
				DEBUG_INFORMATION_FORMAT = dwarf;
				ENABLE_STRICT_OBJC_MSGSEND = YES;
				ENABLE_TESTABILITY = YES;
				ENABLE_USER_SCRIPT_SANDBOXING = YES;
				GCC_C_LANGUAGE_STANDARD = gnu17;
				GCC_DYNAMIC_NO_PIC = NO;
				GCC_NO_COMMON_BLOCKS = YES;
				GCC_OPTIMIZATION_LEVEL = 0;
				GCC_PREPROCESSOR_DEFINITIONS = (
					"DEBUG=1",
					"$(inherited)",
				);
				GCC_WARN_64_TO_32_BIT_CONVERSION = YES;
				GCC_WARN_ABOUT_RETURN_TYPE = YES_ERROR;
				GCC_WARN_UNDECLARED_SELECTOR = YES;
				GCC_WARN_UNINITIALIZED_AUTOS = YES_AGGRESSIVE;
				GCC_WARN_UNUSED_FUNCTION = YES;
				GCC_WARN_UNUSED_VARIABLE = YES;
				IPHONEOS_DEPLOYMENT_TARGET = 17.0;
				LOCALIZATION_PREFERS_STRING_CATALOGS = YES;
				MTL_ENABLE_DEBUG_INFO = INCLUDE_SOURCE;
				MTL_FAST_MATH = YES;
				ONLY_ACTIVE_ARCH = YES;
				SDKROOT = iphoneos;
				SWIFT_ACTIVE_COMPILATION_CONDITIONS = "DEBUG $(inherited)";
				SWIFT_OPTIMIZATION_LEVEL = "-Onone";
			};
			name = Debug;
		};
		EEE0B0EC2C1BEFF100AD4600 /* Release */ = {
			isa = XCBuildConfiguration;
			buildSettings = {
				ALWAYS_SEARCH_USER_PATHS = NO;
				ASSETCATALOG_COMPILER_GENERATE_SWIFT_ASSET_SYMBOL_EXTENSIONS = YES;
				CLANG_ANALYZER_NONNULL = YES;
				CLANG_ANALYZER_NUMBER_OBJECT_CONVERSION = YES_AGGRESSIVE;
				CLANG_CXX_LANGUAGE_STANDARD = "gnu++20";
				CLANG_ENABLE_MODULES = YES;
				CLANG_ENABLE_OBJC_ARC = YES;
				CLANG_ENABLE_OBJC_WEAK = YES;
				CLANG_WARN_BLOCK_CAPTURE_AUTORELEASING = YES;
				CLANG_WARN_BOOL_CONVERSION = YES;
				CLANG_WARN_COMMA = YES;
				CLANG_WARN_CONSTANT_CONVERSION = YES;
				CLANG_WARN_DEPRECATED_OBJC_IMPLEMENTATIONS = YES;
				CLANG_WARN_DIRECT_OBJC_ISA_USAGE = YES_ERROR;
				CLANG_WARN_DOCUMENTATION_COMMENTS = YES;
				CLANG_WARN_EMPTY_BODY = YES;
				CLANG_WARN_ENUM_CONVERSION = YES;
				CLANG_WARN_INFINITE_RECURSION = YES;
				CLANG_WARN_INT_CONVERSION = YES;
				CLANG_WARN_NON_LITERAL_NULL_CONVERSION = YES;
				CLANG_WARN_OBJC_IMPLICIT_RETAIN_SELF = YES;
				CLANG_WARN_OBJC_LITERAL_CONVERSION = YES;
				CLANG_WARN_OBJC_ROOT_CLASS = YES_ERROR;
				CLANG_WARN_QUOTED_INCLUDE_IN_FRAMEWORK_HEADER = YES;
				CLANG_WARN_RANGE_LOOP_ANALYSIS = YES;
				CLANG_WARN_STRICT_PROTOTYPES = YES;
				CLANG_WARN_SUSPICIOUS_MOVE = YES;
				CLANG_WARN_UNGUARDED_AVAILABILITY = YES_AGGRESSIVE;
				CLANG_WARN_UNREACHABLE_CODE = YES;
				CLANG_WARN__DUPLICATE_METHOD_MATCH = YES;
				COPY_PHASE_STRIP = NO;
				DEBUG_INFORMATION_FORMAT = "dwarf-with-dsym";
				ENABLE_NS_ASSERTIONS = NO;
				ENABLE_STRICT_OBJC_MSGSEND = YES;
				ENABLE_USER_SCRIPT_SANDBOXING = YES;
				GCC_C_LANGUAGE_STANDARD = gnu17;
				GCC_NO_COMMON_BLOCKS = YES;
				GCC_WARN_64_TO_32_BIT_CONVERSION = YES;
				GCC_WARN_ABOUT_RETURN_TYPE = YES_ERROR;
				GCC_WARN_UNDECLARED_SELECTOR = YES;
				GCC_WARN_UNINITIALIZED_AUTOS = YES_AGGRESSIVE;
				GCC_WARN_UNUSED_FUNCTION = YES;
				GCC_WARN_UNUSED_VARIABLE = YES;
				IPHONEOS_DEPLOYMENT_TARGET = 17.0;
				LOCALIZATION_PREFERS_STRING_CATALOGS = YES;
				MTL_ENABLE_DEBUG_INFO = NO;
				MTL_FAST_MATH = YES;
				SDKROOT = iphoneos;
				SWIFT_COMPILATION_MODE = wholemodule;
				VALIDATE_PRODUCT = YES;
			};
			name = Release;
		};
		EEE0B0EE2C1BEFF100AD4600 /* Debug */ = {
			isa = XCBuildConfiguration;
			buildSettings = {
				ASSETCATALOG_COMPILER_APPICON_NAME = AppIcon;
				ASSETCATALOG_COMPILER_GLOBAL_ACCENT_COLOR_NAME = AccentColor;
				CODE_SIGN_STYLE = Automatic;
				CURRENT_PROJECT_VERSION = 1;
				DEVELOPMENT_ASSET_PATHS = "\"test1/Preview Content\"";
				DEVELOPMENT_TEAM = 4ML5W4UA7P;
				ENABLE_PREVIEWS = YES;
				GENERATE_INFOPLIST_FILE = YES;
				INFOPLIST_KEY_UIApplicationSceneManifest_Generation = YES;
				INFOPLIST_KEY_UIApplicationSupportsIndirectInputEvents = YES;
				INFOPLIST_KEY_UILaunchScreen_Generation = YES;
				INFOPLIST_KEY_UISupportedInterfaceOrientations_iPad = "UIInterfaceOrientationPortrait UIInterfaceOrientationPortraitUpsideDown UIInterfaceOrientationLandscapeLeft UIInterfaceOrientationLandscapeRight";
				INFOPLIST_KEY_UISupportedInterfaceOrientations_iPhone = "UIInterfaceOrientationPortrait UIInterfaceOrientationLandscapeLeft UIInterfaceOrientationLandscapeRight";
				LD_RUNPATH_SEARCH_PATHS = (
					"$(inherited)",
					"@executable_path/Frameworks",
				);
				MARKETING_VERSION = 1.0;
				PRODUCT_BUNDLE_IDENTIFIER = h.test1;
				PRODUCT_NAME = "$(TARGET_NAME)";
				SWIFT_EMIT_LOC_STRINGS = YES;
				SWIFT_VERSION = 5.0;
				TARGETED_DEVICE_FAMILY = "1,2";
			};
			name = Debug;
		};
		EEE0B0EF2C1BEFF100AD4600 /* Release */ = {
			isa = XCBuildConfiguration;
			buildSettings = {
				ASSETCATALOG_COMPILER_APPICON_NAME = AppIcon;
				ASSETCATALOG_COMPILER_GLOBAL_ACCENT_COLOR_NAME = AccentColor;
				CODE_SIGN_STYLE = Automatic;
				CURRENT_PROJECT_VERSION = 1;
				DEVELOPMENT_ASSET_PATHS = "\"test1/Preview Content\"";
				DEVELOPMENT_TEAM = 4ML5W4UA7P;
				ENABLE_PREVIEWS = YES;
				GENERATE_INFOPLIST_FILE = YES;
				INFOPLIST_KEY_UIApplicationSceneManifest_Generation = YES;
				INFOPLIST_KEY_UIApplicationSupportsIndirectInputEvents = YES;
				INFOPLIST_KEY_UILaunchScreen_Generation = YES;
				INFOPLIST_KEY_UISupportedInterfaceOrientations_iPad = "UIInterfaceOrientationPortrait UIInterfaceOrientationPortraitUpsideDown UIInterfaceOrientationLandscapeLeft UIInterfaceOrientationLandscapeRight";
				INFOPLIST_KEY_UISupportedInterfaceOrientations_iPhone = "UIInterfaceOrientationPortrait UIInterfaceOrientationLandscapeLeft UIInterfaceOrientationLandscapeRight";
				LD_RUNPATH_SEARCH_PATHS = (
					"$(inherited)",
					"@executable_path/Frameworks",
				);
				MARKETING_VERSION = 1.0;
				PRODUCT_BUNDLE_IDENTIFIER = h.test1;
				PRODUCT_NAME = "$(TARGET_NAME)";
				SWIFT_EMIT_LOC_STRINGS = YES;
				SWIFT_VERSION = 5.0;
				TARGETED_DEVICE_FAMILY = "1,2";
			};
			name = Release;
		};
		EEE0B0F12C1BEFF100AD4600 /* Debug */ = {
			isa = XCBuildConfiguration;
			buildSettings = {
				ALWAYS_EMBED_SWIFT_STANDARD_LIBRARIES = YES;
				BUNDLE_LOADER = "$(TEST_HOST)";
				CODE_SIGN_STYLE = Automatic;
				CURRENT_PROJECT_VERSION = 1;
				DEVELOPMENT_TEAM = 4ML5W4UA7P;
				GENERATE_INFOPLIST_FILE = YES;
				IPHONEOS_DEPLOYMENT_TARGET = 17.0;
				MARKETING_VERSION = 1.0;
				PRODUCT_BUNDLE_IDENTIFIER = h.test1Tests;
				PRODUCT_NAME = "$(TARGET_NAME)";
				SWIFT_EMIT_LOC_STRINGS = NO;
				SWIFT_VERSION = 5.0;
				TARGETED_DEVICE_FAMILY = "1,2";
				TEST_HOST = "$(BUILT_PRODUCTS_DIR)/test1.app/$(BUNDLE_EXECUTABLE_FOLDER_PATH)/test1";
			};
			name = Debug;
		};
		EEE0B0F22C1BEFF100AD4600 /* Release */ = {
			isa = XCBuildConfiguration;
			buildSettings = {
				ALWAYS_EMBED_SWIFT_STANDARD_LIBRARIES = YES;
				BUNDLE_LOADER = "$(TEST_HOST)";
				CODE_SIGN_STYLE = Automatic;
				CURRENT_PROJECT_VERSION = 1;
				DEVELOPMENT_TEAM = 4ML5W4UA7P;
				GENERATE_INFOPLIST_FILE = YES;
				IPHONEOS_DEPLOYMENT_TARGET = 17.0;
				MARKETING_VERSION = 1.0;
				PRODUCT_BUNDLE_IDENTIFIER = h.test1Tests;
				PRODUCT_NAME = "$(TARGET_NAME)";
				SWIFT_EMIT_LOC_STRINGS = NO;
				SWIFT_VERSION = 5.0;
				TARGETED_DEVICE_FAMILY = "1,2";
				TEST_HOST = "$(BUILT_PRODUCTS_DIR)/test1.app/$(BUNDLE_EXECUTABLE_FOLDER_PATH)/test1";
			};
			name = Release;
		};
		EEE0B0F42C1BEFF100AD4600 /* Debug */ = {
			isa = XCBuildConfiguration;
			buildSettings = {
				ALWAYS_EMBED_SWIFT_STANDARD_LIBRARIES = YES;
				CODE_SIGN_STYLE = Automatic;
				CURRENT_PROJECT_VERSION = 1;
				DEVELOPMENT_TEAM = 4ML5W4UA7P;
				GENERATE_INFOPLIST_FILE = YES;
				MARKETING_VERSION = 1.0;
				PRODUCT_BUNDLE_IDENTIFIER = h.test1UITests;
				PRODUCT_NAME = "$(TARGET_NAME)";
				SWIFT_EMIT_LOC_STRINGS = NO;
				SWIFT_VERSION = 5.0;
				TARGETED_DEVICE_FAMILY = "1,2";
				TEST_TARGET_NAME = test1;
			};
			name = Debug;
		};
		EEE0B0F52C1BEFF100AD4600 /* Release */ = {
			isa = XCBuildConfiguration;
			buildSettings = {
				ALWAYS_EMBED_SWIFT_STANDARD_LIBRARIES = YES;
				CODE_SIGN_STYLE = Automatic;
				CURRENT_PROJECT_VERSION = 1;
				DEVELOPMENT_TEAM = 4ML5W4UA7P;
				GENERATE_INFOPLIST_FILE = YES;
				MARKETING_VERSION = 1.0;
				PRODUCT_BUNDLE_IDENTIFIER = h.test1UITests;
				PRODUCT_NAME = "$(TARGET_NAME)";
				SWIFT_EMIT_LOC_STRINGS = NO;
				SWIFT_VERSION = 5.0;
				TARGETED_DEVICE_FAMILY = "1,2";
				TEST_TARGET_NAME = test1;
			};
			name = Release;
		};
/* End XCBuildConfiguration section */

/* Begin XCConfigurationList section */
		EEE0B0C42C1BEFEE00AD4600 /* Build configuration list for PBXProject "test1" */ = {
			isa = XCConfigurationList;
			buildConfigurations = (
				EEE0B0EB2C1BEFF100AD4600 /* Debug */,
				EEE0B0EC2C1BEFF100AD4600 /* Release */,
			);
			defaultConfigurationIsVisible = 0;
			defaultConfigurationName = Release;
		};
		EEE0B0ED2C1BEFF100AD4600 /* Build configuration list for PBXNativeTarget "test1" */ = {
			isa = XCConfigurationList;
			buildConfigurations = (
				EEE0B0EE2C1BEFF100AD4600 /* Debug */,
				EEE0B0EF2C1BEFF100AD4600 /* Release */,
			);
			defaultConfigurationIsVisible = 0;
			defaultConfigurationName = Release;
		};
		EEE0B0F02C1BEFF100AD4600 /* Build configuration list for PBXNativeTarget "test1Tests" */ = {
			isa = XCConfigurationList;
			buildConfigurations = (
				EEE0B0F12C1BEFF100AD4600 /* Debug */,
				EEE0B0F22C1BEFF100AD4600 /* Release */,
			);
			defaultConfigurationIsVisible = 0;
			defaultConfigurationName = Release;
		};
		EEE0B0F32C1BEFF100AD4600 /* Build configuration list for PBXNativeTarget "test1UITests" */ = {
			isa = XCConfigurationList;
			buildConfigurations = (
				EEE0B0F42C1BEFF100AD4600 /* Debug */,
				EEE0B0F52C1BEFF100AD4600 /* Release */,
			);
			defaultConfigurationIsVisible = 0;
			defaultConfigurationName = Release;
		};
/* End XCConfigurationList section */
	};
	rootObject = EEE0B0C12C1BEFEE00AD4600 /* Project object */;
}
